
Microsoft Visual Studio Solution File, Format Version 12.00
# Visual Studio Version 17
VisualStudioVersion = 17.9.34902.65
MinimumVisualStudioVersion = 10.0.40219.1
Project("{FAE04EC0-301F-11D3-BF4B-00C04F79EFBC}") = "Test", "Test.csproj", "{2380E0FF-EF4A-4EE9-A799-CA066C75213F}"
EndProject
Project("{FAE04EC0-301F-11D3-BF4B-00C04F79EFBC}") = "Entidades", "..\Entidades\Entidades.csproj", "{540BA28D-2033-4377-9364-B36B16AE627C}"
EndProject
Global
	GlobalSection(SolutionConfigurationPlatforms) = preSolution
		Debug|Any CPU = Debug|Any CPU
		Release|Any CPU = Release|Any CPU
	EndGlobalSection
	GlobalSection(ProjectConfigurationPlatforms) = postSolution
		{2380E0FF-EF4A-4EE9-A799-CA066C75213F}.Debug|Any CPU.ActiveCfg = Debug|Any CPU
		{2380E0FF-EF4A-4EE9-A799-CA066C75213F}.Debug|Any CPU.Build.0 = Debug|Any CPU
		{2380E0FF-EF4A-4EE9-A799-CA066C75213F}.Release|Any CPU.ActiveCfg = Release|Any CPU
		{2380E0FF-EF4A-4EE9-A799-CA066C75213F}.Release|Any CPU.Build.0 = Release|Any CPU
		{540BA28D-2033-4377-9364-B36B16AE627C}.Debug|Any CPU.ActiveCfg = Debug|Any CPU
		{540BA28D-2033-4377-9364-B36B16AE627C}.Debug|Any CPU.Build.0 = Debug|Any CPU
		{540BA28D-2033-4377-9364-B36B16AE627C}.Release|Any CPU.ActiveCfg = Release|Any CPU
		{540BA28D-2033-4377-9364-B36B16AE627C}.Release|Any CPU.Build.0 = Release|Any CPU
	EndGlobalSection
	GlobalSection(SolutionProperties) = preSolution
		HideSolutionNode = FALSE
	EndGlobalSection
	GlobalSection(ExtensibilityGlobals) = postSolution
		SolutionGuid = {3ED2EBC8-BB2D-4F92-8273-5151965C27D6}
	EndGlobalSection
EndGlobal
